
Microsoft Visual Studio Solution File, Format Version 12.00
# Visual Studio Version 17
VisualStudioVersion = 17.1.32210.238
MinimumVisualStudioVersion = 10.0.40219.1
Project("{9A19103F-16F7-4668-BE54-9A1E7A4F7556}") = "GWSales.WebApi", "GWSales.WebApi\GWSales.WebApi.csproj", "{CF0AAFCC-EF88-45BA-9F03-1C15CB08233F}"
EndProject
Project("{9A19103F-16F7-4668-BE54-9A1E7A4F7556}") = "GWSales.Data", "GWSales.Data\GWSales.Data.csproj", "{D0C60EA0-3A66-407D-9919-935B88AFF2C0}"
EndProject
Project("{9A19103F-16F7-4668-BE54-9A1E7A4F7556}") = "GWSales.Data.Interfaces", "GWSales.Data.Interfaces\GWSales.Data.Interfaces.csproj", "{690F4303-2116-4493-B8EB-5F13A65C8760}"
EndProject
Project("{9A19103F-16F7-4668-BE54-9A1E7A4F7556}") = "GWSales.Services", "GWSales.Services\GWSales.Services.csproj", "{764537C0-91B5-4ABC-8BE7-0C84BF335A1C}"
EndProject
Project("{9A19103F-16F7-4668-BE54-9A1E7A4F7556}") = "GWSales.Data.Entities", "GWSales.Data.Entities\GWSales.Data.Entities.csproj", "{1366E382-6571-4035-A393-8EFE171A6D62}"
EndProject
Project("{9A19103F-16F7-4668-BE54-9A1E7A4F7556}") = "GWSales.WebApi.Models", "GWSales.WebApi.Models\GWSales.WebApi.Models.csproj", "{FECEB2B9-B924-4884-A03B-185C55097070}"
EndProject
Project("{FAE04EC0-301F-11D3-BF4B-00C04F79EFBC}") = "GWSales.Services.Models", "GWSales.Services.Models\GWSales.Services.Models.csproj", "{B7B2C70B-82D8-4810-B4CC-EEA0C3DA4035}"
EndProject
Global
	GlobalSection(SolutionConfigurationPlatforms) = preSolution
		Debug|Any CPU = Debug|Any CPU
		Release|Any CPU = Release|Any CPU
	EndGlobalSection
	GlobalSection(ProjectConfigurationPlatforms) = postSolution
		{CF0AAFCC-EF88-45BA-9F03-1C15CB08233F}.Debug|Any CPU.ActiveCfg = Debug|Any CPU
		{CF0AAFCC-EF88-45BA-9F03-1C15CB08233F}.Debug|Any CPU.Build.0 = Debug|Any CPU
		{CF0AAFCC-EF88-45BA-9F03-1C15CB08233F}.Release|Any CPU.ActiveCfg = Release|Any CPU
		{CF0AAFCC-EF88-45BA-9F03-1C15CB08233F}.Release|Any CPU.Build.0 = Release|Any CPU
		{D0C60EA0-3A66-407D-9919-935B88AFF2C0}.Debug|Any CPU.ActiveCfg = Debug|Any CPU
		{D0C60EA0-3A66-407D-9919-935B88AFF2C0}.Debug|Any CPU.Build.0 = Debug|Any CPU
		{D0C60EA0-3A66-407D-9919-935B88AFF2C0}.Release|Any CPU.ActiveCfg = Release|Any CPU
		{D0C60EA0-3A66-407D-9919-935B88AFF2C0}.Release|Any CPU.Build.0 = Release|Any CPU
		{690F4303-2116-4493-B8EB-5F13A65C8760}.Debug|Any CPU.ActiveCfg = Debug|Any CPU
		{690F4303-2116-4493-B8EB-5F13A65C8760}.Debug|Any CPU.Build.0 = Debug|Any CPU
		{690F4303-2116-4493-B8EB-5F13A65C8760}.Release|Any CPU.ActiveCfg = Release|Any CPU
		{690F4303-2116-4493-B8EB-5F13A65C8760}.Release|Any CPU.Build.0 = Release|Any CPU
		{764537C0-91B5-4ABC-8BE7-0C84BF335A1C}.Debug|Any CPU.ActiveCfg = Debug|Any CPU
		{764537C0-91B5-4ABC-8BE7-0C84BF335A1C}.Debug|Any CPU.Build.0 = Debug|Any CPU
		{764537C0-91B5-4ABC-8BE7-0C84BF335A1C}.Release|Any CPU.ActiveCfg = Release|Any CPU
		{764537C0-91B5-4ABC-8BE7-0C84BF335A1C}.Release|Any CPU.Build.0 = Release|Any CPU
		{1366E382-6571-4035-A393-8EFE171A6D62}.Debug|Any CPU.ActiveCfg = Debug|Any CPU
		{1366E382-6571-4035-A393-8EFE171A6D62}.Debug|Any CPU.Build.0 = Debug|Any CPU
		{1366E382-6571-4035-A393-8EFE171A6D62}.Release|Any CPU.ActiveCfg = Release|Any CPU
		{1366E382-6571-4035-A393-8EFE171A6D62}.Release|Any CPU.Build.0 = Release|Any CPU
		{FECEB2B9-B924-4884-A03B-185C55097070}.Debug|Any CPU.ActiveCfg = Debug|Any CPU
		{FECEB2B9-B924-4884-A03B-185C55097070}.Debug|Any CPU.Build.0 = Debug|Any CPU
		{FECEB2B9-B924-4884-A03B-185C55097070}.Release|Any CPU.ActiveCfg = Release|Any CPU
		{FECEB2B9-B924-4884-A03B-185C55097070}.Release|Any CPU.Build.0 = Release|Any CPU
		{B7B2C70B-82D8-4810-B4CC-EEA0C3DA4035}.Debug|Any CPU.ActiveCfg = Debug|Any CPU
		{B7B2C70B-82D8-4810-B4CC-EEA0C3DA4035}.Debug|Any CPU.Build.0 = Debug|Any CPU
		{B7B2C70B-82D8-4810-B4CC-EEA0C3DA4035}.Release|Any CPU.ActiveCfg = Release|Any CPU
		{B7B2C70B-82D8-4810-B4CC-EEA0C3DA4035}.Release|Any CPU.Build.0 = Release|Any CPU
	EndGlobalSection
	GlobalSection(SolutionProperties) = preSolution
		HideSolutionNode = FALSE
	EndGlobalSection
	GlobalSection(ExtensibilityGlobals) = postSolution
		SolutionGuid = {50084BFE-6938-4F34-A897-204E3C2AFEA5}
	EndGlobalSection
EndGlobal
